
Microsoft Visual Studio Solution File, Format Version 12.00
# Visual Studio Version 17
VisualStudioVersion = 17.6.33829.357
MinimumVisualStudioVersion = 10.0.40219.1
Project("{9A19103F-16F7-4668-BE54-9A1E7A4F7556}") = "QuanLyMonHoc", "QuanLyMonHoc\QuanLyMonHoc.csproj", "{21ECEACC-7CF2-455E-B74B-C6C1418FCBFE}"
	ProjectSection(ProjectDependencies) = postProject
		{890F9E12-523C-44D6-8AAD-3B8FDF79786E} = {890F9E12-523C-44D6-8AAD-3B8FDF79786E}
		{8AEF9D79-C518-45CA-BA97-1FFE68AA2130} = {8AEF9D79-C518-45CA-BA97-1FFE68AA2130}
	EndProjectSection
EndProject
Project("{9A19103F-16F7-4668-BE54-9A1E7A4F7556}") = "QuanLyVaiTro", "QuanLyVaiTro\QuanLyVaiTro.csproj", "{8AEF9D79-C518-45CA-BA97-1FFE68AA2130}"
EndProject
Project("{9A19103F-16F7-4668-BE54-9A1E7A4F7556}") = "QuanLyNguoiDung", "QuanLyNguoiDung\QuanLyNguoiDung.csproj", "{890F9E12-523C-44D6-8AAD-3B8FDF79786E}"
EndProject
Project("{9A19103F-16F7-4668-BE54-9A1E7A4F7556}") = "QuanLyThong Bao", "QuanLyThong Bao\QuanLyThong Bao.csproj", "{0C2E99A6-FEF0-4CE9-98A4-23A47307BD16}"
EndProject
Project("{9A19103F-16F7-4668-BE54-9A1E7A4F7556}") = "QuanLyTepRiengTu", "QuanLyTepRiengTu\QuanLyTepRiengTu.csproj", "{3A96D4A8-6CC7-4E5E-BAD5-DBD51A98E498}"
EndProject
Project("{9A19103F-16F7-4668-BE54-9A1E7A4F7556}") = "QuanLyBaiGiang_TaiNguyen", "QuanLyBaiGiang_TaiNguyen\QuanLyBaiGiang_TaiNguyen.csproj", "{7F6AB8D9-0BFA-47D7-8DC3-A14B2AA69150}"
EndProject
Project("{FAE04EC0-301F-11D3-BF4B-00C04F79EFBC}") = "QuanLyDeThi_KiemTra", "QuanLyDeThi_KiemTra\QuanLyDeThi_KiemTra.csproj", "{2B5B18C1-5DD8-49DC-81C8-9A0C28A17A03}"
EndProject
Global
	GlobalSection(SolutionConfigurationPlatforms) = preSolution
		Debug|Any CPU = Debug|Any CPU
		Release|Any CPU = Release|Any CPU
	EndGlobalSection
	GlobalSection(ProjectConfigurationPlatforms) = postSolution
		{21ECEACC-7CF2-455E-B74B-C6C1418FCBFE}.Debug|Any CPU.ActiveCfg = Debug|Any CPU
		{21ECEACC-7CF2-455E-B74B-C6C1418FCBFE}.Debug|Any CPU.Build.0 = Debug|Any CPU
		{21ECEACC-7CF2-455E-B74B-C6C1418FCBFE}.Release|Any CPU.ActiveCfg = Release|Any CPU
		{21ECEACC-7CF2-455E-B74B-C6C1418FCBFE}.Release|Any CPU.Build.0 = Release|Any CPU
		{8AEF9D79-C518-45CA-BA97-1FFE68AA2130}.Debug|Any CPU.ActiveCfg = Debug|Any CPU
		{8AEF9D79-C518-45CA-BA97-1FFE68AA2130}.Debug|Any CPU.Build.0 = Debug|Any CPU
		{8AEF9D79-C518-45CA-BA97-1FFE68AA2130}.Release|Any CPU.ActiveCfg = Release|Any CPU
		{8AEF9D79-C518-45CA-BA97-1FFE68AA2130}.Release|Any CPU.Build.0 = Release|Any CPU
		{890F9E12-523C-44D6-8AAD-3B8FDF79786E}.Debug|Any CPU.ActiveCfg = Debug|Any CPU
		{890F9E12-523C-44D6-8AAD-3B8FDF79786E}.Debug|Any CPU.Build.0 = Debug|Any CPU
		{890F9E12-523C-44D6-8AAD-3B8FDF79786E}.Release|Any CPU.ActiveCfg = Release|Any CPU
		{890F9E12-523C-44D6-8AAD-3B8FDF79786E}.Release|Any CPU.Build.0 = Release|Any CPU
		{0C2E99A6-FEF0-4CE9-98A4-23A47307BD16}.Debug|Any CPU.ActiveCfg = Debug|Any CPU
		{0C2E99A6-FEF0-4CE9-98A4-23A47307BD16}.Debug|Any CPU.Build.0 = Debug|Any CPU
		{0C2E99A6-FEF0-4CE9-98A4-23A47307BD16}.Release|Any CPU.ActiveCfg = Release|Any CPU
		{0C2E99A6-FEF0-4CE9-98A4-23A47307BD16}.Release|Any CPU.Build.0 = Release|Any CPU
		{3A96D4A8-6CC7-4E5E-BAD5-DBD51A98E498}.Debug|Any CPU.ActiveCfg = Debug|Any CPU
		{3A96D4A8-6CC7-4E5E-BAD5-DBD51A98E498}.Debug|Any CPU.Build.0 = Debug|Any CPU
		{3A96D4A8-6CC7-4E5E-BAD5-DBD51A98E498}.Release|Any CPU.ActiveCfg = Release|Any CPU
		{3A96D4A8-6CC7-4E5E-BAD5-DBD51A98E498}.Release|Any CPU.Build.0 = Release|Any CPU
		{7F6AB8D9-0BFA-47D7-8DC3-A14B2AA69150}.Debug|Any CPU.ActiveCfg = Debug|Any CPU
		{7F6AB8D9-0BFA-47D7-8DC3-A14B2AA69150}.Debug|Any CPU.Build.0 = Debug|Any CPU
		{7F6AB8D9-0BFA-47D7-8DC3-A14B2AA69150}.Release|Any CPU.ActiveCfg = Release|Any CPU
		{7F6AB8D9-0BFA-47D7-8DC3-A14B2AA69150}.Release|Any CPU.Build.0 = Release|Any CPU
		{2B5B18C1-5DD8-49DC-81C8-9A0C28A17A03}.Debug|Any CPU.ActiveCfg = Debug|Any CPU
		{2B5B18C1-5DD8-49DC-81C8-9A0C28A17A03}.Debug|Any CPU.Build.0 = Debug|Any CPU
		{2B5B18C1-5DD8-49DC-81C8-9A0C28A17A03}.Release|Any CPU.ActiveCfg = Release|Any CPU
		{2B5B18C1-5DD8-49DC-81C8-9A0C28A17A03}.Release|Any CPU.Build.0 = Release|Any CPU
	EndGlobalSection
	GlobalSection(SolutionProperties) = preSolution
		HideSolutionNode = FALSE
	EndGlobalSection
	GlobalSection(ExtensibilityGlobals) = postSolution
		SolutionGuid = {1745F6C7-D7ED-400B-AE73-62DE31098FF9}
	EndGlobalSection
EndGlobal
