
Microsoft Visual Studio Solution File, Format Version 12.00
# Visual Studio Version 17
VisualStudioVersion = 17.6.33829.357
MinimumVisualStudioVersion = 10.0.40219.1
Project("{9A19103F-16F7-4668-BE54-9A1E7A4F7556}") = "QuanLyMonHoc", "QuanLyMonHoc\QuanLyMonHoc.csproj", "{21ECEACC-7CF2-455E-B74B-C6C1418FCBFE}"
EndProject
Project("{FAE04EC0-301F-11D3-BF4B-00C04F79EFBC}") = "QuanLyVaiTro", "QuanLyVaiTro\QuanLyVaiTro.csproj", "{8AEF9D79-C518-45CA-BA97-1FFE68AA2130}"
EndProject
Global
	GlobalSection(SolutionConfigurationPlatforms) = preSolution
		Debug|Any CPU = Debug|Any CPU
		Release|Any CPU = Release|Any CPU
	EndGlobalSection
	GlobalSection(ProjectConfigurationPlatforms) = postSolution
		{21ECEACC-7CF2-455E-B74B-C6C1418FCBFE}.Debug|Any CPU.ActiveCfg = Debug|Any CPU
		{21ECEACC-7CF2-455E-B74B-C6C1418FCBFE}.Debug|Any CPU.Build.0 = Debug|Any CPU
		{21ECEACC-7CF2-455E-B74B-C6C1418FCBFE}.Release|Any CPU.ActiveCfg = Release|Any CPU
		{21ECEACC-7CF2-455E-B74B-C6C1418FCBFE}.Release|Any CPU.Build.0 = Release|Any CPU
		{8AEF9D79-C518-45CA-BA97-1FFE68AA2130}.Debug|Any CPU.ActiveCfg = Debug|Any CPU
		{8AEF9D79-C518-45CA-BA97-1FFE68AA2130}.Debug|Any CPU.Build.0 = Debug|Any CPU
		{8AEF9D79-C518-45CA-BA97-1FFE68AA2130}.Release|Any CPU.ActiveCfg = Release|Any CPU
		{8AEF9D79-C518-45CA-BA97-1FFE68AA2130}.Release|Any CPU.Build.0 = Release|Any CPU
	EndGlobalSection
	GlobalSection(SolutionProperties) = preSolution
		HideSolutionNode = FALSE
	EndGlobalSection
	GlobalSection(ExtensibilityGlobals) = postSolution
		SolutionGuid = {1745F6C7-D7ED-400B-AE73-62DE31098FF9}
	EndGlobalSection
EndGlobal
